# THIS IS AN AUTOGENERATED FILE. DO NOT EDIT THIS FILE DIRECTLY.
# yarn lockfile v1


"@stimulus/core@^1.1.1":
  version "1.1.1"
  resolved "https://registry.yarnpkg.com/@stimulus/core/-/core-1.1.1.tgz#42b0cfe5b73ca492f41de64b77a03980bae92c82"
  integrity sha512-PVJv7IpuQx0MVPCBblXc6O2zbCmU8dlxXNH4bC9KK6LsvGaE+PCXXrXQfXUwAsse1/CmRu/iQG7Ov58himjiGg==
  dependencies:
    "@stimulus/mutation-observers" "^1.1.1"

"@stimulus/multimap@^1.1.1":
  version "1.1.1"
  resolved "https://registry.yarnpkg.com/@stimulus/multimap/-/multimap-1.1.1.tgz#b95e3fd607345ab36e5d5b55486ee1a12d56b331"
  integrity sha512-26R1fI3a8uUj0WlMmta4qcfIQGlagegdP4PTz6lz852q/dXlG6r+uPS/bx+H8GtfyS+OOXVr3SkZ0Zg0iRqRfQ==

"@stimulus/mutation-observers@^1.1.1":
  version "1.1.1"
  resolved "https://registry.yarnpkg.com/@stimulus/mutation-observers/-/mutation-observers-1.1.1.tgz#0f6c6f081308427fed2a26360dda0c173b79cfc0"
  integrity sha512-/zCnnw1KJlWO2mrx0yxYaRFZWMGnDMdOgSnI4hxDLxdWVuL2HMROU8FpHWVBLjKY3T9A+lGkcrmPGDHF3pfS9w==
  dependencies:
    "@stimulus/multimap" "^1.1.1"

"@stimulus/webpack-helpers@^1.1.1":
  version "1.1.1"
  resolved "https://registry.yarnpkg.com/@stimulus/webpack-helpers/-/webpack-helpers-1.1.1.tgz#eff60cd4e58b921d1a2764dc5215f5141510f2c2"
  integrity sha512-XOkqSw53N9072FLHvpLM25PIwy+ndkSSbnTtjKuyzsv8K5yfkFB2rv68jU1pzqYa9FZLcvZWP4yazC0V38dx9A==

"@types/lodash-es@^4.17.3":
  version "4.17.3"
  resolved "https://registry.yarnpkg.com/@types/lodash-es/-/lodash-es-4.17.3.tgz#87eb0b3673b076b8ee655f1890260a136af09a2d"
  integrity sha512-iHI0i7ZAL1qepz1Y7f3EKg/zUMDwDfTzitx+AlHhJJvXwenP682ZyGbgPSc5Ej3eEAKVbNWKFuwOadCj5vBbYQ==
  dependencies:
    "@types/lodash" "*"

"@types/lodash@*":
  version "4.14.149"
  resolved "https://registry.yarnpkg.com/@types/lodash/-/lodash-4.14.149.tgz#1342d63d948c6062838fbf961012f74d4e638440"
  integrity sha512-ijGqzZt/b7BfzcK9vTrS6MFljQRPn5BFWOx8oE0GYxribu6uV+aA9zZuXI1zc/etK9E8nrgdoF2+LgUw7+9tJQ==

directives@^0.0.0:
  version "0.0.0"
  resolved "https://registry.yarnpkg.com/directives/-/directives-0.0.0.tgz#0879c6bcac3e1c68f6ea61650355217a7254c55c"
  integrity sha1-CHnGvKw+HGj26mFlA1UhenJUxVw=

fastdom@^1.0.9:
  version "1.0.9"
  resolved "https://registry.yarnpkg.com/fastdom/-/fastdom-1.0.9.tgz#b395fab11a3701173c02a054fe769d8f596a0a26"
  integrity sha512-SSp4fbVzu8JkkG01NUX+0iOwe9M5PN3MGIQ84txLf4TkkJG4q30khkzumKgi4hUqO1+jX6wLHfnCPoZ6eSZ6Tg==
  dependencies:
    strictdom "^1.0.1"

lodash-es@^4.17.15:
  version "4.17.15"
  resolved "https://registry.yarnpkg.com/lodash-es/-/lodash-es-4.17.15.tgz#21bd96839354412f23d7a10340e5eac6ee455d78"
  integrity sha512-rlrc3yU3+JNOpZ9zj5pQtxnx2THmvRykwL4Xlxoa8I9lHBlVbbyPhgyPMioxVZ4NqyxaVVtaJnzsyOidQIhyyQ==

stimulus@^1.1.1:
  version "1.1.1"
  resolved "https://registry.yarnpkg.com/stimulus/-/stimulus-1.1.1.tgz#53c2fded6849e7b85eed3ed8dd76e33abd74bec5"
  integrity sha512-R0mBqKp48YnRDZOxZ8hiOH4Ilph3Yj78CIFTBkCwyHs4iGCpe7xlEdQ7cjIxb+7qVCSxFKgxO+mAQbsNgt/5XQ==
  dependencies:
    "@stimulus/core" "^1.1.1"
    "@stimulus/webpack-helpers" "^1.1.1"

strictdom@^1.0.1:
  version "1.0.1"
  resolved "https://registry.yarnpkg.com/strictdom/-/strictdom-1.0.1.tgz#189de91649f73d44d59b8432efa68ef9d2659460"
  integrity sha1-GJ3pFkn3PUTVm4Qy76aO+dJllGA=

typescript@^3.7.5:
  version "3.7.5"
  resolved "https://registry.yarnpkg.com/typescript/-/typescript-3.7.5.tgz#0692e21f65fd4108b9330238aac11dd2e177a1ae"
  integrity sha512-/P5lkRXkWHNAbcJIiHPfRoKqyd7bsyCma1hZNUGfn20qm64T6ZBlrzprymeu918H+mB/0rIg2gGK/BXkhhYgBw==
