# THIS IS AN AUTOGENERATED FILE. DO NOT EDIT THIS FILE DIRECTLY.
# yarn lockfile v1


"@rollup/plugin-commonjs@^11.0.2":
  version "11.0.2"
  resolved "https://registry.yarnpkg.com/@rollup/plugin-commonjs/-/plugin-commonjs-11.0.2.tgz#837cc6950752327cb90177b608f0928a4e60b582"
  integrity sha512-MPYGZr0qdbV5zZj8/2AuomVpnRVXRU5XKXb3HVniwRoRCreGlf5kOE081isNWeiLIi6IYkwTX9zE0/c7V8g81g==
  dependencies:
    "@rollup/pluginutils" "^3.0.0"
    estree-walker "^1.0.1"
    is-reference "^1.1.2"
    magic-string "^0.25.2"
    resolve "^1.11.0"

"@rollup/plugin-node-resolve@^7.1.1":
  version "7.1.1"
  resolved "https://registry.yarnpkg.com/@rollup/plugin-node-resolve/-/plugin-node-resolve-7.1.1.tgz#8c6e59c4b28baf9d223028d0e450e06a485bb2b7"
  integrity sha512-14ddhD7TnemeHE97a4rLOhobfYvUVcaYuqTnL8Ti7Jxi9V9Jr5LY7Gko4HZ5k4h4vqQM0gBQt6tsp9xXW94WPA==
  dependencies:
    "@rollup/pluginutils" "^3.0.6"
    "@types/resolve" "0.0.8"
    builtin-modules "^3.1.0"
    is-module "^1.0.0"
    resolve "^1.14.2"

"@rollup/plugin-typescript@^3.0.0":
  version "3.0.0"
  resolved "https://registry.yarnpkg.com/@rollup/plugin-typescript/-/plugin-typescript-3.0.0.tgz#9398fcca1cef67ac325fef19c28dece24c9a5263"
  integrity sha512-O6915Ril3+Q0B4P898PULAcPFZfPuatEB/4nox7bnK48ekGrmamMYhMB5tOqWjihEWrw4oz/NL+c+/kS3Fk95g==
  dependencies:
    "@rollup/pluginutils" "^3.0.1"
    resolve "^1.14.1"

"@rollup/pluginutils@^3.0.0", "@rollup/pluginutils@^3.0.1", "@rollup/pluginutils@^3.0.6":
  version "3.0.8"
  resolved "https://registry.yarnpkg.com/@rollup/pluginutils/-/pluginutils-3.0.8.tgz#4e94d128d94b90699e517ef045422960d18c8fde"
  integrity sha512-rYGeAc4sxcZ+kPG/Tw4/fwJODC3IXHYDH4qusdN/b6aLw5LPUbzpecYbEJh4sVQGPFJxd2dBU4kc1H3oy9/bnw==
  dependencies:
    estree-walker "^1.0.1"

"@stimulus/core@^1.1.1":
  version "1.1.1"
  resolved "https://registry.yarnpkg.com/@stimulus/core/-/core-1.1.1.tgz#42b0cfe5b73ca492f41de64b77a03980bae92c82"
  integrity sha512-PVJv7IpuQx0MVPCBblXc6O2zbCmU8dlxXNH4bC9KK6LsvGaE+PCXXrXQfXUwAsse1/CmRu/iQG7Ov58himjiGg==
  dependencies:
    "@stimulus/mutation-observers" "^1.1.1"

"@stimulus/multimap@^1.1.1":
  version "1.1.1"
  resolved "https://registry.yarnpkg.com/@stimulus/multimap/-/multimap-1.1.1.tgz#b95e3fd607345ab36e5d5b55486ee1a12d56b331"
  integrity sha512-26R1fI3a8uUj0WlMmta4qcfIQGlagegdP4PTz6lz852q/dXlG6r+uPS/bx+H8GtfyS+OOXVr3SkZ0Zg0iRqRfQ==

"@stimulus/mutation-observers@^1.1.1":
  version "1.1.1"
  resolved "https://registry.yarnpkg.com/@stimulus/mutation-observers/-/mutation-observers-1.1.1.tgz#0f6c6f081308427fed2a26360dda0c173b79cfc0"
  integrity sha512-/zCnnw1KJlWO2mrx0yxYaRFZWMGnDMdOgSnI4hxDLxdWVuL2HMROU8FpHWVBLjKY3T9A+lGkcrmPGDHF3pfS9w==
  dependencies:
    "@stimulus/multimap" "^1.1.1"

"@stimulus/webpack-helpers@^1.1.1":
  version "1.1.1"
  resolved "https://registry.yarnpkg.com/@stimulus/webpack-helpers/-/webpack-helpers-1.1.1.tgz#eff60cd4e58b921d1a2764dc5215f5141510f2c2"
  integrity sha512-XOkqSw53N9072FLHvpLM25PIwy+ndkSSbnTtjKuyzsv8K5yfkFB2rv68jU1pzqYa9FZLcvZWP4yazC0V38dx9A==

"@types/estree@0.0.39":
  version "0.0.39"
  resolved "https://registry.yarnpkg.com/@types/estree/-/estree-0.0.39.tgz#e177e699ee1b8c22d23174caaa7422644389509f"
  integrity sha512-EYNwp3bU+98cpU4lAWYYL7Zz+2gryWH1qbdDTidVd6hkiR6weksdbMadyXKXNPEkQFhXM+hVO9ZygomHXp+AIw==

"@types/lodash-es@^4.17.3":
  version "4.17.3"
  resolved "https://registry.yarnpkg.com/@types/lodash-es/-/lodash-es-4.17.3.tgz#87eb0b3673b076b8ee655f1890260a136af09a2d"
  integrity sha512-iHI0i7ZAL1qepz1Y7f3EKg/zUMDwDfTzitx+AlHhJJvXwenP682ZyGbgPSc5Ej3eEAKVbNWKFuwOadCj5vBbYQ==
  dependencies:
    "@types/lodash" "*"

"@types/lodash@*":
  version "4.14.149"
  resolved "https://registry.yarnpkg.com/@types/lodash/-/lodash-4.14.149.tgz#1342d63d948c6062838fbf961012f74d4e638440"
  integrity sha512-ijGqzZt/b7BfzcK9vTrS6MFljQRPn5BFWOx8oE0GYxribu6uV+aA9zZuXI1zc/etK9E8nrgdoF2+LgUw7+9tJQ==

"@types/node@*":
  version "13.7.0"
  resolved "https://registry.yarnpkg.com/@types/node/-/node-13.7.0.tgz#b417deda18cf8400f278733499ad5547ed1abec4"
  integrity sha512-GnZbirvmqZUzMgkFn70c74OQpTTUcCzlhQliTzYjQMqg+hVKcDnxdL19Ne3UdYzdMA/+W3eb646FWn/ZaT1NfQ==

"@types/resolve@0.0.8":
  version "0.0.8"
  resolved "https://registry.yarnpkg.com/@types/resolve/-/resolve-0.0.8.tgz#f26074d238e02659e323ce1a13d041eee280e194"
  integrity sha512-auApPaJf3NPfe18hSoJkp8EbZzer2ISk7o8mCC3M9he/a04+gbMF97NkpD2S8riMGvm4BMRI59/SZQSaLTKpsQ==
  dependencies:
    "@types/node" "*"

builtin-modules@^3.1.0:
  version "3.1.0"
  resolved "https://registry.yarnpkg.com/builtin-modules/-/builtin-modules-3.1.0.tgz#aad97c15131eb76b65b50ef208e7584cd76a7484"
  integrity sha512-k0KL0aWZuBt2lrxrcASWDfwOLMnodeQjodT/1SxEQAXsHANgo6ZC/VEaSEHCXt7aSTZ4/4H5LKa+tBXmW7Vtvw==

directives@^0.0.0:
  version "0.0.0"
  resolved "https://registry.yarnpkg.com/directives/-/directives-0.0.0.tgz#0879c6bcac3e1c68f6ea61650355217a7254c55c"
  integrity sha1-CHnGvKw+HGj26mFlA1UhenJUxVw=

estree-walker@^1.0.1:
  version "1.0.1"
  resolved "https://registry.yarnpkg.com/estree-walker/-/estree-walker-1.0.1.tgz#31bc5d612c96b704106b477e6dd5d8aa138cb700"
  integrity sha512-1fMXF3YP4pZZVozF8j/ZLfvnR8NSIljt56UhbZ5PeeDmmGHpgpdwQt7ITlGvYaQukCvuBRMLEiKiYC+oeIg4cg==

fastdom@^1.0.9:
  version "1.0.9"
  resolved "https://registry.yarnpkg.com/fastdom/-/fastdom-1.0.9.tgz#b395fab11a3701173c02a054fe769d8f596a0a26"
  integrity sha512-SSp4fbVzu8JkkG01NUX+0iOwe9M5PN3MGIQ84txLf4TkkJG4q30khkzumKgi4hUqO1+jX6wLHfnCPoZ6eSZ6Tg==
  dependencies:
    strictdom "^1.0.1"

is-module@^1.0.0:
  version "1.0.0"
  resolved "https://registry.yarnpkg.com/is-module/-/is-module-1.0.0.tgz#3258fb69f78c14d5b815d664336b4cffb6441591"
  integrity sha1-Mlj7afeMFNW4FdZkM2tM/7ZEFZE=

is-reference@^1.1.2:
  version "1.1.4"
  resolved "https://registry.yarnpkg.com/is-reference/-/is-reference-1.1.4.tgz#3f95849886ddb70256a3e6d062b1a68c13c51427"
  integrity sha512-uJA/CDPO3Tao3GTrxYn6AwkM4nUPJiGGYu5+cB8qbC7WGFlrKZbiRo7SFKxUAEpFUfiHofWCXBUNhvYJMh+6zw==
  dependencies:
    "@types/estree" "0.0.39"

lodash-es@^4.17.21:
  version "4.17.21"
  resolved "https://registry.yarnpkg.com/lodash-es/-/lodash-es-4.17.21.tgz#43e626c46e6591b7750beb2b50117390c609e3ee"
  integrity sha512-mKnC+QJ9pWVzv+C4/U3rRsHapFfHvQFoFB92e52xeyGMcX6/OlIl78je1u8vePzYZSkkogMPJ2yjxxsb89cxyw==

magic-string@^0.25.2:
  version "0.25.6"
  resolved "https://registry.yarnpkg.com/magic-string/-/magic-string-0.25.6.tgz#5586387d1242f919c6d223579cc938bf1420795e"
  integrity sha512-3a5LOMSGoCTH5rbqobC2HuDNRtE2glHZ8J7pK+QZYppyWA36yuNpsX994rIY2nCuyP7CZYy7lQq/X2jygiZ89g==
  dependencies:
    sourcemap-codec "^1.4.4"

mime@>=2.0.3:
  version "2.4.4"
  resolved "https://registry.yarnpkg.com/mime/-/mime-2.4.4.tgz#bd7b91135fc6b01cde3e9bae33d659b63d8857e5"
  integrity sha512-LRxmNwziLPT828z+4YkNzloCFC2YM4wrB99k+AV5ZbEyfGNWfG8SO1FUXLmLDBSo89NrJZ4DIWeLjy1CHGhMGA==

opener@1:
  version "1.5.1"
  resolved "https://registry.yarnpkg.com/opener/-/opener-1.5.1.tgz#6d2f0e77f1a0af0032aca716c2c1fbb8e7e8abed"
  integrity sha512-goYSy5c2UXE4Ra1xixabeVh1guIX/ZV/YokJksb6q2lubWu6UbvPQ20p542/sFIll1nl8JnCyK9oBaOcCWXwvA==

path-parse@^1.0.6:
  version "1.0.6"
  resolved "https://registry.yarnpkg.com/path-parse/-/path-parse-1.0.6.tgz#d62dbb5679405d72c4737ec58600e9ddcf06d24c"
  integrity sha512-GSmOT2EbHrINBf9SR7CDELwlJ8AENk3Qn7OikK4nFYAu3Ote2+JYNVvkpAEQm3/TLNEJFD/xZJjzyxg3KBWOzw==

resolve@^1.11.0, resolve@^1.14.1, resolve@^1.14.2:
  version "1.15.0"
  resolved "https://registry.yarnpkg.com/resolve/-/resolve-1.15.0.tgz#1b7ca96073ebb52e741ffd799f6b39ea462c67f5"
  integrity sha512-+hTmAldEGE80U2wJJDC1lebb5jWqvTYAfm3YZ1ckk1gBr0MnCqUKlwK1e+anaFljIl+F5tR5IoZcm4ZDA1zMQw==
  dependencies:
    path-parse "^1.0.6"

rollup-plugin-serve@^1.0.1:
  version "1.0.1"
  resolved "https://registry.yarnpkg.com/rollup-plugin-serve/-/rollup-plugin-serve-1.0.1.tgz#2da2a784a916c5564609c7696cd9dacdbf17f6cc"
  integrity sha512-bni0pb4s1YLvn1xBmj+dH1OsLdp8gWA4zqh3yuEtT6/YHhg3nDneGU2GwMcRDQwY2tXzuI0uSeAlF1rY+ODitg==
  dependencies:
    mime ">=2.0.3"
    opener "1"

sourcemap-codec@^1.4.4:
  version "1.4.8"
  resolved "https://registry.yarnpkg.com/sourcemap-codec/-/sourcemap-codec-1.4.8.tgz#ea804bd94857402e6992d05a38ef1ae35a9ab4c4"
  integrity sha512-9NykojV5Uih4lgo5So5dtw+f0JgJX30KCNI8gwhz2J9A15wD0Ml6tjHKwf6fTSa6fAdVBdZeNOs9eJ71qCk8vA==

stimulus@^1.1.1:
  version "1.1.1"
  resolved "https://registry.yarnpkg.com/stimulus/-/stimulus-1.1.1.tgz#53c2fded6849e7b85eed3ed8dd76e33abd74bec5"
  integrity sha512-R0mBqKp48YnRDZOxZ8hiOH4Ilph3Yj78CIFTBkCwyHs4iGCpe7xlEdQ7cjIxb+7qVCSxFKgxO+mAQbsNgt/5XQ==
  dependencies:
    "@stimulus/core" "^1.1.1"
    "@stimulus/webpack-helpers" "^1.1.1"

strictdom@^1.0.1:
  version "1.0.1"
  resolved "https://registry.yarnpkg.com/strictdom/-/strictdom-1.0.1.tgz#189de91649f73d44d59b8432efa68ef9d2659460"
  integrity sha1-GJ3pFkn3PUTVm4Qy76aO+dJllGA=

tslib@^1.10.0:
  version "1.10.0"
  resolved "https://registry.yarnpkg.com/tslib/-/tslib-1.10.0.tgz#c3c19f95973fb0a62973fb09d90d961ee43e5c8a"
  integrity sha512-qOebF53frne81cf0S9B41ByenJ3/IuH8yJKngAX35CmiZySA0khhkovshKK+jGCaMnVomla7gVlIcc3EvKPbTQ==

typescript@^3.7.5:
  version "3.7.5"
  resolved "https://registry.yarnpkg.com/typescript/-/typescript-3.7.5.tgz#0692e21f65fd4108b9330238aac11dd2e177a1ae"
  integrity sha512-/P5lkRXkWHNAbcJIiHPfRoKqyd7bsyCma1hZNUGfn20qm64T6ZBlrzprymeu918H+mB/0rIg2gGK/BXkhhYgBw==
